
Microsoft Visual Studio Solution File, Format Version 12.00
# Visual Studio Version 17
VisualStudioVersion = 17.9.34723.18
MinimumVisualStudioVersion = 10.0.40219.1
Project("{FAE04EC0-301F-11D3-BF4B-00C04F79EFBC}") = "ControlePedidos.API", "src\ControlePedidos.API\ControlePedidos.API.csproj", "{624D2991-92F1-4A9F-B00D-690703B1577E}"
EndProject
Project("{2150E333-8FDC-42A3-9474-1A3956D46DE8}") = "src", "src", "{508587D9-4207-4045-B647-D62C29CC4998}"
EndProject
Project("{2150E333-8FDC-42A3-9474-1A3956D46DE8}") = "tests", "tests", "{246A34D1-ECEE-4A95-96DC-2E902A336568}"
EndProject
Project("{2150E333-8FDC-42A3-9474-1A3956D46DE8}") = "Modules", "Modules", "{F14FE484-B08C-450F-B539-34848A3E86CF}"
EndProject
Project("{2150E333-8FDC-42A3-9474-1A3956D46DE8}") = "Cadastro", "Cadastro", "{56B23C51-BC3C-4B38-A62B-262755DDF153}"
EndProject
Project("{2150E333-8FDC-42A3-9474-1A3956D46DE8}") = "Pedido", "Pedido", "{33278402-C90F-4970-B0D7-07E9FC49135C}"
EndProject
Project("{FAE04EC0-301F-11D3-BF4B-00C04F79EFBC}") = "ControlePedidos.Cadastro.Application", "src\Modules\Cadastro\ControlePedidos.Cadastro.Application\ControlePedidos.Cadastro.Application.csproj", "{0BD8A2FE-A856-47D4-A0D8-22301F0EAB0B}"
EndProject
Project("{FAE04EC0-301F-11D3-BF4B-00C04F79EFBC}") = "CadastroPedidos.Pedido.Application", "src\Modules\Pedido\CadastroPedidos.Pedido.Application\CadastroPedidos.Pedido.Application.csproj", "{4D81A20B-C6CD-41E6-A01F-4DF61FF51F05}"
EndProject
Project("{FAE04EC0-301F-11D3-BF4B-00C04F79EFBC}") = "ControlePedidos.Cadastro.Infrastructure", "src\Modules\Cadastro\ControlePedidos.Cadastro.Infrastructure\ControlePedidos.Cadastro.Infrastructure.csproj", "{5B7629A5-0501-4C9C-901D-BE07431D400F}"
EndProject
Project("{FAE04EC0-301F-11D3-BF4B-00C04F79EFBC}") = "ControlePedidos.Cadastro.Domain", "src\Modules\Cadastro\ControlePedidos.Cadastro.Domain\ControlePedidos.Cadastro.Domain.csproj", "{893BD0F9-62B4-4AC9-9BDB-D50E282E8C59}"
EndProject
Project("{FAE04EC0-301F-11D3-BF4B-00C04F79EFBC}") = "ControlePedidos.Pedido.Domain", "src\Modules\Pedido\ControlePedidos.Pedido.Domain\ControlePedidos.Pedido.Domain.csproj", "{45C6DCAB-8ABD-4AD9-8DD5-F6A42C42344D}"
EndProject
Project("{FAE04EC0-301F-11D3-BF4B-00C04F79EFBC}") = "ControlePedidos.Pedido.Infrastructure", "src\Modules\Pedido\ControlePedidos.Pedido.Infrastructure\ControlePedidos.Pedido.Infrastructure.csproj", "{F9817EE2-5950-49DD-9BA2-B8D4841DE559}"
EndProject
Project("{2150E333-8FDC-42A3-9474-1A3956D46DE8}") = "Modules", "Modules", "{DDA631F9-417D-4871-9376-FF44B447206F}"
EndProject
Project("{2150E333-8FDC-42A3-9474-1A3956D46DE8}") = "Pedido", "Pedido", "{CAFCFF0C-67C6-405D-B677-8F18D3776BD7}"
EndProject
Project("{2150E333-8FDC-42A3-9474-1A3956D46DE8}") = "Cadastro", "Cadastro", "{B4A2458B-399E-4C59-8485-36AB0BA4A3DB}"
EndProject
Project("{FAE04EC0-301F-11D3-BF4B-00C04F79EFBC}") = "ControlePedidos.Pedido.Test.Unit", "tests\Modules\Pedido\ControlePedidos.Pedido.Test.Unit\ControlePedidos.Pedido.Test.Unit.csproj", "{6FBB98FD-4614-40BF-804B-66D393D9574E}"
EndProject
Project("{FAE04EC0-301F-11D3-BF4B-00C04F79EFBC}") = "ControlePedidos.Cadastro.Test.Unit", "tests\Modules\Cadastro\ControlePedidos.Cadastro.Test.Unit\ControlePedidos.Cadastro.Test.Unit.csproj", "{B110ADD5-1606-4B4E-9045-32CBDDCEC3CB}"
EndProject
Project("{2150E333-8FDC-42A3-9474-1A3956D46DE8}") = "Produto", "Produto", "{E6D4EAD0-B0FA-41E4-8F8A-BB2B6966BBFF}"
EndProject
Project("{FAE04EC0-301F-11D3-BF4B-00C04F79EFBC}") = "CadastroPedidos.Produto.Application", "src\Modules\Produto\CadastroPedidos.Produto.Application\CadastroPedidos.Produto.Application.csproj", "{56C06046-6769-4A27-8B71-93A23DD74CDE}"
EndProject
Project("{FAE04EC0-301F-11D3-BF4B-00C04F79EFBC}") = "ControlePedidos.Produto.Domain", "src\Modules\Produto\ControlePedidos.Produto.Domain\ControlePedidos.Produto.Domain.csproj", "{A7E6FCCA-247D-44AC-8C72-2D9ABA857A92}"
EndProject
Project("{FAE04EC0-301F-11D3-BF4B-00C04F79EFBC}") = "ControlePedidos.Produto.Infrastructure", "src\Modules\Produto\ControlePedidos.Produto.Infrastructure\ControlePedidos.Produto.Infrastructure.csproj", "{1859E431-3EB5-4C8D-B647-666596244137}"
EndProject
Project("{2150E333-8FDC-42A3-9474-1A3956D46DE8}") = "0 - Common", "0 - Common", "{1DEFCF1C-5B21-40F9-B6BB-146DF0E8CB55}"
EndProject
Project("{FAE04EC0-301F-11D3-BF4B-00C04F79EFBC}") = "ControlePedidos.Common", "src\Modules\Common\ControlePedidos.Common\ControlePedidos.Common.csproj", "{A960037E-430B-45CB-8C2E-2EFA0DEAF0C9}"
EndProject
Project("{2150E333-8FDC-42A3-9474-1A3956D46DE8}") = "Produto", "Produto", "{8D2B19B2-FC9B-4736-A25C-DC8ACC4EF052}"
EndProject
Project("{FAE04EC0-301F-11D3-BF4B-00C04F79EFBC}") = "ControlePedidos.Produto.Test.Unit", "tests\Modules\Produto\ControlePedidos.Produto.Test.Unit\ControlePedidos.Produto.Test.Unit.csproj", "{2929DDDC-7E93-4719-BDF0-39120EF50256}"
EndProject
Global
	GlobalSection(SolutionConfigurationPlatforms) = preSolution
		Debug|Any CPU = Debug|Any CPU
		Release|Any CPU = Release|Any CPU
	EndGlobalSection
	GlobalSection(ProjectConfigurationPlatforms) = postSolution
		{624D2991-92F1-4A9F-B00D-690703B1577E}.Debug|Any CPU.ActiveCfg = Debug|Any CPU
		{624D2991-92F1-4A9F-B00D-690703B1577E}.Debug|Any CPU.Build.0 = Debug|Any CPU
		{624D2991-92F1-4A9F-B00D-690703B1577E}.Release|Any CPU.ActiveCfg = Release|Any CPU
		{624D2991-92F1-4A9F-B00D-690703B1577E}.Release|Any CPU.Build.0 = Release|Any CPU
		{0BD8A2FE-A856-47D4-A0D8-22301F0EAB0B}.Debug|Any CPU.ActiveCfg = Debug|Any CPU
		{0BD8A2FE-A856-47D4-A0D8-22301F0EAB0B}.Debug|Any CPU.Build.0 = Debug|Any CPU
		{0BD8A2FE-A856-47D4-A0D8-22301F0EAB0B}.Release|Any CPU.ActiveCfg = Release|Any CPU
		{0BD8A2FE-A856-47D4-A0D8-22301F0EAB0B}.Release|Any CPU.Build.0 = Release|Any CPU
		{4D81A20B-C6CD-41E6-A01F-4DF61FF51F05}.Debug|Any CPU.ActiveCfg = Debug|Any CPU
		{4D81A20B-C6CD-41E6-A01F-4DF61FF51F05}.Debug|Any CPU.Build.0 = Debug|Any CPU
		{4D81A20B-C6CD-41E6-A01F-4DF61FF51F05}.Release|Any CPU.ActiveCfg = Release|Any CPU
		{4D81A20B-C6CD-41E6-A01F-4DF61FF51F05}.Release|Any CPU.Build.0 = Release|Any CPU
		{5B7629A5-0501-4C9C-901D-BE07431D400F}.Debug|Any CPU.ActiveCfg = Debug|Any CPU
		{5B7629A5-0501-4C9C-901D-BE07431D400F}.Debug|Any CPU.Build.0 = Debug|Any CPU
		{5B7629A5-0501-4C9C-901D-BE07431D400F}.Release|Any CPU.ActiveCfg = Release|Any CPU
		{5B7629A5-0501-4C9C-901D-BE07431D400F}.Release|Any CPU.Build.0 = Release|Any CPU
		{893BD0F9-62B4-4AC9-9BDB-D50E282E8C59}.Debug|Any CPU.ActiveCfg = Debug|Any CPU
		{893BD0F9-62B4-4AC9-9BDB-D50E282E8C59}.Debug|Any CPU.Build.0 = Debug|Any CPU
		{893BD0F9-62B4-4AC9-9BDB-D50E282E8C59}.Release|Any CPU.ActiveCfg = Release|Any CPU
		{893BD0F9-62B4-4AC9-9BDB-D50E282E8C59}.Release|Any CPU.Build.0 = Release|Any CPU
		{45C6DCAB-8ABD-4AD9-8DD5-F6A42C42344D}.Debug|Any CPU.ActiveCfg = Debug|Any CPU
		{45C6DCAB-8ABD-4AD9-8DD5-F6A42C42344D}.Debug|Any CPU.Build.0 = Debug|Any CPU
		{45C6DCAB-8ABD-4AD9-8DD5-F6A42C42344D}.Release|Any CPU.ActiveCfg = Release|Any CPU
		{45C6DCAB-8ABD-4AD9-8DD5-F6A42C42344D}.Release|Any CPU.Build.0 = Release|Any CPU
		{F9817EE2-5950-49DD-9BA2-B8D4841DE559}.Debug|Any CPU.ActiveCfg = Debug|Any CPU
		{F9817EE2-5950-49DD-9BA2-B8D4841DE559}.Debug|Any CPU.Build.0 = Debug|Any CPU
		{F9817EE2-5950-49DD-9BA2-B8D4841DE559}.Release|Any CPU.ActiveCfg = Release|Any CPU
		{F9817EE2-5950-49DD-9BA2-B8D4841DE559}.Release|Any CPU.Build.0 = Release|Any CPU
		{6FBB98FD-4614-40BF-804B-66D393D9574E}.Debug|Any CPU.ActiveCfg = Debug|Any CPU
		{6FBB98FD-4614-40BF-804B-66D393D9574E}.Debug|Any CPU.Build.0 = Debug|Any CPU
		{6FBB98FD-4614-40BF-804B-66D393D9574E}.Release|Any CPU.ActiveCfg = Release|Any CPU
		{6FBB98FD-4614-40BF-804B-66D393D9574E}.Release|Any CPU.Build.0 = Release|Any CPU
		{B110ADD5-1606-4B4E-9045-32CBDDCEC3CB}.Debug|Any CPU.ActiveCfg = Debug|Any CPU
		{B110ADD5-1606-4B4E-9045-32CBDDCEC3CB}.Debug|Any CPU.Build.0 = Debug|Any CPU
		{B110ADD5-1606-4B4E-9045-32CBDDCEC3CB}.Release|Any CPU.ActiveCfg = Release|Any CPU
		{B110ADD5-1606-4B4E-9045-32CBDDCEC3CB}.Release|Any CPU.Build.0 = Release|Any CPU
		{56C06046-6769-4A27-8B71-93A23DD74CDE}.Debug|Any CPU.ActiveCfg = Debug|Any CPU
		{56C06046-6769-4A27-8B71-93A23DD74CDE}.Debug|Any CPU.Build.0 = Debug|Any CPU
		{56C06046-6769-4A27-8B71-93A23DD74CDE}.Release|Any CPU.ActiveCfg = Release|Any CPU
		{56C06046-6769-4A27-8B71-93A23DD74CDE}.Release|Any CPU.Build.0 = Release|Any CPU
		{A7E6FCCA-247D-44AC-8C72-2D9ABA857A92}.Debug|Any CPU.ActiveCfg = Debug|Any CPU
		{A7E6FCCA-247D-44AC-8C72-2D9ABA857A92}.Debug|Any CPU.Build.0 = Debug|Any CPU
		{A7E6FCCA-247D-44AC-8C72-2D9ABA857A92}.Release|Any CPU.ActiveCfg = Release|Any CPU
		{A7E6FCCA-247D-44AC-8C72-2D9ABA857A92}.Release|Any CPU.Build.0 = Release|Any CPU
		{1859E431-3EB5-4C8D-B647-666596244137}.Debug|Any CPU.ActiveCfg = Debug|Any CPU
		{1859E431-3EB5-4C8D-B647-666596244137}.Debug|Any CPU.Build.0 = Debug|Any CPU
		{1859E431-3EB5-4C8D-B647-666596244137}.Release|Any CPU.ActiveCfg = Release|Any CPU
		{1859E431-3EB5-4C8D-B647-666596244137}.Release|Any CPU.Build.0 = Release|Any CPU
		{A960037E-430B-45CB-8C2E-2EFA0DEAF0C9}.Debug|Any CPU.ActiveCfg = Debug|Any CPU
		{A960037E-430B-45CB-8C2E-2EFA0DEAF0C9}.Debug|Any CPU.Build.0 = Debug|Any CPU
		{A960037E-430B-45CB-8C2E-2EFA0DEAF0C9}.Release|Any CPU.ActiveCfg = Release|Any CPU
		{A960037E-430B-45CB-8C2E-2EFA0DEAF0C9}.Release|Any CPU.Build.0 = Release|Any CPU
		{2929DDDC-7E93-4719-BDF0-39120EF50256}.Debug|Any CPU.ActiveCfg = Debug|Any CPU
		{2929DDDC-7E93-4719-BDF0-39120EF50256}.Debug|Any CPU.Build.0 = Debug|Any CPU
		{2929DDDC-7E93-4719-BDF0-39120EF50256}.Release|Any CPU.ActiveCfg = Release|Any CPU
		{2929DDDC-7E93-4719-BDF0-39120EF50256}.Release|Any CPU.Build.0 = Release|Any CPU
	EndGlobalSection
	GlobalSection(SolutionProperties) = preSolution
		HideSolutionNode = FALSE
	EndGlobalSection
	GlobalSection(NestedProjects) = preSolution
		{624D2991-92F1-4A9F-B00D-690703B1577E} = {508587D9-4207-4045-B647-D62C29CC4998}
		{F14FE484-B08C-450F-B539-34848A3E86CF} = {508587D9-4207-4045-B647-D62C29CC4998}
		{56B23C51-BC3C-4B38-A62B-262755DDF153} = {F14FE484-B08C-450F-B539-34848A3E86CF}
		{33278402-C90F-4970-B0D7-07E9FC49135C} = {F14FE484-B08C-450F-B539-34848A3E86CF}
		{0BD8A2FE-A856-47D4-A0D8-22301F0EAB0B} = {56B23C51-BC3C-4B38-A62B-262755DDF153}
		{4D81A20B-C6CD-41E6-A01F-4DF61FF51F05} = {33278402-C90F-4970-B0D7-07E9FC49135C}
		{5B7629A5-0501-4C9C-901D-BE07431D400F} = {56B23C51-BC3C-4B38-A62B-262755DDF153}
		{893BD0F9-62B4-4AC9-9BDB-D50E282E8C59} = {56B23C51-BC3C-4B38-A62B-262755DDF153}
		{45C6DCAB-8ABD-4AD9-8DD5-F6A42C42344D} = {33278402-C90F-4970-B0D7-07E9FC49135C}
		{F9817EE2-5950-49DD-9BA2-B8D4841DE559} = {33278402-C90F-4970-B0D7-07E9FC49135C}
		{DDA631F9-417D-4871-9376-FF44B447206F} = {246A34D1-ECEE-4A95-96DC-2E902A336568}
		{CAFCFF0C-67C6-405D-B677-8F18D3776BD7} = {DDA631F9-417D-4871-9376-FF44B447206F}
		{B4A2458B-399E-4C59-8485-36AB0BA4A3DB} = {DDA631F9-417D-4871-9376-FF44B447206F}
		{6FBB98FD-4614-40BF-804B-66D393D9574E} = {B4A2458B-399E-4C59-8485-36AB0BA4A3DB}
		{B110ADD5-1606-4B4E-9045-32CBDDCEC3CB} = {CAFCFF0C-67C6-405D-B677-8F18D3776BD7}
		{E6D4EAD0-B0FA-41E4-8F8A-BB2B6966BBFF} = {F14FE484-B08C-450F-B539-34848A3E86CF}
		{56C06046-6769-4A27-8B71-93A23DD74CDE} = {E6D4EAD0-B0FA-41E4-8F8A-BB2B6966BBFF}
		{A7E6FCCA-247D-44AC-8C72-2D9ABA857A92} = {E6D4EAD0-B0FA-41E4-8F8A-BB2B6966BBFF}
		{1859E431-3EB5-4C8D-B647-666596244137} = {E6D4EAD0-B0FA-41E4-8F8A-BB2B6966BBFF}
		{1DEFCF1C-5B21-40F9-B6BB-146DF0E8CB55} = {F14FE484-B08C-450F-B539-34848A3E86CF}
		{A960037E-430B-45CB-8C2E-2EFA0DEAF0C9} = {1DEFCF1C-5B21-40F9-B6BB-146DF0E8CB55}
		{8D2B19B2-FC9B-4736-A25C-DC8ACC4EF052} = {DDA631F9-417D-4871-9376-FF44B447206F}
		{2929DDDC-7E93-4719-BDF0-39120EF50256} = {8D2B19B2-FC9B-4736-A25C-DC8ACC4EF052}
	EndGlobalSection
	GlobalSection(ExtensibilityGlobals) = postSolution
		SolutionGuid = {83CBB7B1-7D37-4E12-BF2B-60DB8028ED60}
	EndGlobalSection
EndGlobal
